
Microsoft Visual Studio Solution File, Format Version 12.00
# Visual Studio Version 17
VisualStudioVersion = 17.0.32014.148
MinimumVisualStudioVersion = 10.0.40219.1
Project("{FAE04EC0-301F-11D3-BF4B-00C04F79EFBC}") = "BitcoinPriceFetcher", "BitcoinPriceFetcher\BitcoinPriceFetcher.csproj", "{1FAD1E8C-FC72-4CAD-A874-55455A5A0E4F}"
EndProject
Global
	GlobalSection(SolutionConfigurationPlatforms) = preSolution
		Debug|Any CPU = Debug|Any CPU
		Release|Any CPU = Release|Any CPU
	EndGlobalSection
	GlobalSection(ProjectConfigurationPlatforms) = postSolution
		{1FAD1E8C-FC72-4CAD-A874-55455A5A0E4F}.Debug|Any CPU.ActiveCfg = Debug|Any CPU
		{1FAD1E8C-FC72-4CAD-A874-55455A5A0E4F}.Debug|Any CPU.Build.0 = Debug|Any CPU
		{1FAD1E8C-FC72-4CAD-A874-55455A5A0E4F}.Release|Any CPU.ActiveCfg = Release|Any CPU
		{1FAD1E8C-FC72-4CAD-A874-55455A5A0E4F}.Release|Any CPU.Build.0 = Release|Any CPU
	EndGlobalSection
	GlobalSection(SolutionProperties) = preSolution
		HideSolutionNode = FALSE
	EndGlobalSection
	GlobalSection(ExtensibilityGlobals) = postSolution
		SolutionGuid = {2B0119E9-3B11-4D2E-AAF9-E0BC7C9A346F}
	EndGlobalSection
EndGlobal
